# This file is automatically @generated by Cargo.
# It is not intended for manual editing.
version = 4

[[package]]
name = "asl-arpi"
version = "0.1.0"
dependencies = [
 "asl-common",
]

[[package]]
name = "asl-axon-bridge"
version = "0.1.0"
dependencies = [
 "asl-common",
]

[[package]]
name = "asl-common"
version = "0.1.0"

[[package]]
name = "asl-datatier"
version = "0.1.0"
dependencies = [
 "asl-common",
]

[[package]]
name = "asl-firewall-cap"
version = "0.1.0"
dependencies = [
 "asl-common",
]

[[package]]
name = "asl-genesis"
version = "0.1.0"
dependencies = [
 "asl-common",
]

[[package]]
name = "asl-gpu-cap"
version = "0.1.0"
dependencies = [
 "asl-common",
]

[[package]]
name = "asl-inverted-admin"
version = "0.1.0"
dependencies = [
 "asl-common",
]

[[package]]
name = "asl-kani"
version = "0.1.0"
dependencies = [
 "asl-arpi",
 "asl-axon-bridge",
 "asl-common",
 "asl-datatier",
 "asl-inverted-admin",
 "asl-soma",
 "asl-trustgraph",
]

[[package]]
name = "asl-microkit"
version = "0.1.0"
dependencies = [
 "asl-axon-bridge",
 "asl-common",
]

[[package]]
name = "asl-network-routing"
version = "0.1.0"
dependencies = [
 "asl-common",
]

[[package]]
name = "asl-power-mgmt"
version = "0.1.0"
dependencies = [
 "asl-common",
]

[[package]]
name = "asl-soma"
version = "0.1.0"
dependencies = [
 "asl-common",
]

[[package]]
name = "asl-touch-sensor"
version = "0.1.0"
dependencies = [
 "asl-common",
]

[[package]]
name = "asl-trustgraph"
version = "0.1.0"
dependencies = [
 "asl-common",
]
